
Microsoft Visual Studio Solution File, Format Version 12.00
# Visual Studio Version 17
VisualStudioVersion = 17.9.34902.65
MinimumVisualStudioVersion = 10.0.40219.1
Project("{9A19103F-16F7-4668-BE54-9A1E7A4F7556}") = "AcademyShopAPI", "AcademyShopAPI\AcademyShopAPI.csproj", "{277F41C8-36F0-4628-96D8-DC4298FC8191}"
EndProject
Project("{9A19103F-16F7-4668-BE54-9A1E7A4F7556}") = "BusinessLayer", "BusinessLayer\BusinessLayer.csproj", "{0C3C82D7-6DC0-4C8B-BB4E-B5E4DF103210}"
EndProject
Project("{9A19103F-16F7-4668-BE54-9A1E7A4F7556}") = "DataLayer", "DataLayer\DataLayer.csproj", "{93C5820E-963E-4DDD-BD90-219CF4DE4E8C}"
EndProject
Project("{9A19103F-16F7-4668-BE54-9A1E7A4F7556}") = "ModelsLayer", "ModelsLayer\ModelsLayer.csproj", "{A7914247-5624-4C50-BAB5-5EAE1E795278}"
EndProject
Project("{9A19103F-16F7-4668-BE54-9A1E7A4F7556}") = "DtoLayer", "DtoLayer\DtoLayer.csproj", "{7BC28F5A-B34F-4B26-B84B-9EA5034F5AD8}"
EndProject
Project("{00D1A9C2-B5F0-4AF3-8072-F6C62B433612}") = "DbProject", "DbProject\DbProject.sqlproj", "{81730B8B-50CE-4AA8-894A-E996E5512D7C}"
EndProject
Global
	GlobalSection(SolutionConfigurationPlatforms) = preSolution
		Debug|Any CPU = Debug|Any CPU
		Release|Any CPU = Release|Any CPU
	EndGlobalSection
	GlobalSection(ProjectConfigurationPlatforms) = postSolution
		{277F41C8-36F0-4628-96D8-DC4298FC8191}.Debug|Any CPU.ActiveCfg = Debug|Any CPU
		{277F41C8-36F0-4628-96D8-DC4298FC8191}.Debug|Any CPU.Build.0 = Debug|Any CPU
		{277F41C8-36F0-4628-96D8-DC4298FC8191}.Release|Any CPU.ActiveCfg = Release|Any CPU
		{277F41C8-36F0-4628-96D8-DC4298FC8191}.Release|Any CPU.Build.0 = Release|Any CPU
		{0C3C82D7-6DC0-4C8B-BB4E-B5E4DF103210}.Debug|Any CPU.ActiveCfg = Debug|Any CPU
		{0C3C82D7-6DC0-4C8B-BB4E-B5E4DF103210}.Debug|Any CPU.Build.0 = Debug|Any CPU
		{0C3C82D7-6DC0-4C8B-BB4E-B5E4DF103210}.Release|Any CPU.ActiveCfg = Release|Any CPU
		{0C3C82D7-6DC0-4C8B-BB4E-B5E4DF103210}.Release|Any CPU.Build.0 = Release|Any CPU
		{93C5820E-963E-4DDD-BD90-219CF4DE4E8C}.Debug|Any CPU.ActiveCfg = Debug|Any CPU
		{93C5820E-963E-4DDD-BD90-219CF4DE4E8C}.Debug|Any CPU.Build.0 = Debug|Any CPU
		{93C5820E-963E-4DDD-BD90-219CF4DE4E8C}.Release|Any CPU.ActiveCfg = Release|Any CPU
		{93C5820E-963E-4DDD-BD90-219CF4DE4E8C}.Release|Any CPU.Build.0 = Release|Any CPU
		{A7914247-5624-4C50-BAB5-5EAE1E795278}.Debug|Any CPU.ActiveCfg = Debug|Any CPU
		{A7914247-5624-4C50-BAB5-5EAE1E795278}.Debug|Any CPU.Build.0 = Debug|Any CPU
		{A7914247-5624-4C50-BAB5-5EAE1E795278}.Release|Any CPU.ActiveCfg = Release|Any CPU
		{A7914247-5624-4C50-BAB5-5EAE1E795278}.Release|Any CPU.Build.0 = Release|Any CPU
		{7BC28F5A-B34F-4B26-B84B-9EA5034F5AD8}.Debug|Any CPU.ActiveCfg = Debug|Any CPU
		{7BC28F5A-B34F-4B26-B84B-9EA5034F5AD8}.Debug|Any CPU.Build.0 = Debug|Any CPU
		{7BC28F5A-B34F-4B26-B84B-9EA5034F5AD8}.Release|Any CPU.ActiveCfg = Release|Any CPU
		{7BC28F5A-B34F-4B26-B84B-9EA5034F5AD8}.Release|Any CPU.Build.0 = Release|Any CPU
		{81730B8B-50CE-4AA8-894A-E996E5512D7C}.Debug|Any CPU.ActiveCfg = Debug|Any CPU
		{81730B8B-50CE-4AA8-894A-E996E5512D7C}.Debug|Any CPU.Build.0 = Debug|Any CPU
		{81730B8B-50CE-4AA8-894A-E996E5512D7C}.Debug|Any CPU.Deploy.0 = Debug|Any CPU
		{81730B8B-50CE-4AA8-894A-E996E5512D7C}.Release|Any CPU.ActiveCfg = Release|Any CPU
		{81730B8B-50CE-4AA8-894A-E996E5512D7C}.Release|Any CPU.Build.0 = Release|Any CPU
		{81730B8B-50CE-4AA8-894A-E996E5512D7C}.Release|Any CPU.Deploy.0 = Release|Any CPU
	EndGlobalSection
	GlobalSection(SolutionProperties) = preSolution
		HideSolutionNode = FALSE
	EndGlobalSection
	GlobalSection(ExtensibilityGlobals) = postSolution
		SolutionGuid = {6A9682D7-DA7E-4BDD-84E7-C3F6A4E5232C}
	EndGlobalSection
EndGlobal
